// !$*UTF8*$!
{
	archiveVersion = 1;
	classes = {
	};
	objectVersion = 55;
	objects = {

/* Begin PBXBuildFile section */
		CD1863D52837054E000D320D /* AppDelegate.swift in Sources */ = {isa = PBXBuildFile; fileRef = CD1863D42837054E000D320D /* AppDelegate.swift */; };
		CD1863D72837054E000D320D /* SceneDelegate.swift in Sources */ = {isa = PBXBuildFile; fileRef = CD1863D62837054E000D320D /* SceneDelegate.swift */; };
		CD1863DC2837054E000D320D /* Main.storyboard in Resources */ = {isa = PBXBuildFile; fileRef = CD1863DA2837054E000D320D /* Main.storyboard */; };
		CD1863E12837054F000D320D /* Assets.xcassets in Resources */ = {isa = PBXBuildFile; fileRef = CD1863E02837054F000D320D /* Assets.xcassets */; };
		CD1863E42837054F000D320D /* LaunchScreen.storyboard in Resources */ = {isa = PBXBuildFile; fileRef = CD1863E22837054F000D320D /* LaunchScreen.storyboard */; };
		CD18640B28370570000D320D /* LtkResponse.swift in Sources */ = {isa = PBXBuildFile; fileRef = CD18640828370570000D320D /* LtkResponse.swift */; };
		CD18640C28370570000D320D /* ProductService.swift in Sources */ = {isa = PBXBuildFile; fileRef = CD18640A28370570000D320D /* ProductService.swift */; };
		CD18641228370582000D320D /* LtkViewModel.swift in Sources */ = {isa = PBXBuildFile; fileRef = CD18641028370582000D320D /* LtkViewModel.swift */; };
		CD18641328370582000D320D /* LtkViewController.swift in Sources */ = {isa = PBXBuildFile; fileRef = CD18641128370582000D320D /* LtkViewController.swift */; };
		CD186416283705DC000D320D /* IGListDiffKit in Frameworks */ = {isa = PBXBuildFile; productRef = CD186415283705DC000D320D /* IGListDiffKit */; };
		CD186418283705DC000D320D /* IGListKit in Frameworks */ = {isa = PBXBuildFile; productRef = CD186417283705DC000D320D /* IGListKit */; };
		CD18641A283705DC000D320D /* IGListSwiftKit in Frameworks */ = {isa = PBXBuildFile; productRef = CD186419283705DC000D320D /* IGListSwiftKit */; };
		CD18641C28370CEE000D320D /* LtkModel.swift in Sources */ = {isa = PBXBuildFile; fileRef = CD18641B28370CEE000D320D /* LtkModel.swift */; };
		CD186422283728A4000D320D /* LtkFeedSectionController.swift in Sources */ = {isa = PBXBuildFile; fileRef = CD186421283728A4000D320D /* LtkFeedSectionController.swift */; };
		CD18642728372B65000D320D /* LtkCell.swift in Sources */ = {isa = PBXBuildFile; fileRef = CD18642628372B65000D320D /* LtkCell.swift */; };
		CD18642F283801E5000D320D /* UIView+NSLayoutConstraint.swift in Sources */ = {isa = PBXBuildFile; fileRef = CD18642E283801E5000D320D /* UIView+NSLayoutConstraint.swift */; };
		CD1864312839AB5E000D320D /* ProductModel.swift in Sources */ = {isa = PBXBuildFile; fileRef = CD1864302839AB5E000D320D /* ProductModel.swift */; };
		CD1864332839C651000D320D /* CGSize+Aspect.swift in Sources */ = {isa = PBXBuildFile; fileRef = CD1864322839C651000D320D /* CGSize+Aspect.swift */; };
		CD1864352839C784000D320D /* UIColor+Convenience.swift in Sources */ = {isa = PBXBuildFile; fileRef = CD1864342839C784000D320D /* UIColor+Convenience.swift */; };
		CD86B3C0283B1FA90025EA5C /* DetailsView.swift in Sources */ = {isa = PBXBuildFile; fileRef = CD86B3BF283B1FA90025EA5C /* DetailsView.swift */; };
/* End PBXBuildFile section */

/* Begin PBXFileReference section */
		CD1863D12837054E000D320D /* LTKMinified.app */ = {isa = PBXFileReference; explicitFileType = wrapper.application; includeInIndex = 0; path = LTKMinified.app; sourceTree = BUILT_PRODUCTS_DIR; };
		CD1863D42837054E000D320D /* AppDelegate.swift */ = {isa = PBXFileReference; lastKnownFileType = sourcecode.swift; path = AppDelegate.swift; sourceTree = "<group>"; };
		CD1863D62837054E000D320D /* SceneDelegate.swift */ = {isa = PBXFileReference; lastKnownFileType = sourcecode.swift; path = SceneDelegate.swift; sourceTree = "<group>"; };
		CD1863DB2837054E000D320D /* Base */ = {isa = PBXFileReference; lastKnownFileType = file.storyboard; name = Base; path = Base.lproj/Main.storyboard; sourceTree = "<group>"; };
		CD1863E02837054F000D320D /* Assets.xcassets */ = {isa = PBXFileReference; lastKnownFileType = folder.assetcatalog; path = Assets.xcassets; sourceTree = "<group>"; };
		CD1863E32837054F000D320D /* Base */ = {isa = PBXFileReference; lastKnownFileType = file.storyboard; name = Base; path = Base.lproj/LaunchScreen.storyboard; sourceTree = "<group>"; };
		CD1863E52837054F000D320D /* Info.plist */ = {isa = PBXFileReference; lastKnownFileType = text.plist.xml; path = Info.plist; sourceTree = "<group>"; };
		CD18640828370570000D320D /* LtkResponse.swift */ = {isa = PBXFileReference; fileEncoding = 4; lastKnownFileType = sourcecode.swift; path = LtkResponse.swift; sourceTree = "<group>"; };
		CD18640A28370570000D320D /* ProductService.swift */ = {isa = PBXFileReference; fileEncoding = 4; lastKnownFileType = sourcecode.swift; path = ProductService.swift; sourceTree = "<group>"; };
		CD18641028370582000D320D /* LtkViewModel.swift */ = {isa = PBXFileReference; fileEncoding = 4; lastKnownFileType = sourcecode.swift; path = LtkViewModel.swift; sourceTree = "<group>"; };
		CD18641128370582000D320D /* LtkViewController.swift */ = {isa = PBXFileReference; fileEncoding = 4; lastKnownFileType = sourcecode.swift; path = LtkViewController.swift; sourceTree = "<group>"; };
		CD18641B28370CEE000D320D /* LtkModel.swift */ = {isa = PBXFileReference; lastKnownFileType = sourcecode.swift; path = LtkModel.swift; sourceTree = "<group>"; };
		CD186421283728A4000D320D /* LtkFeedSectionController.swift */ = {isa = PBXFileReference; lastKnownFileType = sourcecode.swift; path = LtkFeedSectionController.swift; sourceTree = "<group>"; };
		CD18642628372B65000D320D /* LtkCell.swift */ = {isa = PBXFileReference; lastKnownFileType = sourcecode.swift; path = LtkCell.swift; sourceTree = "<group>"; };
		CD18642E283801E5000D320D /* UIView+NSLayoutConstraint.swift */ = {isa = PBXFileReference; lastKnownFileType = sourcecode.swift; path = "UIView+NSLayoutConstraint.swift"; sourceTree = "<group>"; };
		CD1864302839AB5E000D320D /* ProductModel.swift */ = {isa = PBXFileReference; lastKnownFileType = sourcecode.swift; path = ProductModel.swift; sourceTree = "<group>"; };
		CD1864322839C651000D320D /* CGSize+Aspect.swift */ = {isa = PBXFileReference; lastKnownFileType = sourcecode.swift; path = "CGSize+Aspect.swift"; sourceTree = "<group>"; };
		CD1864342839C784000D320D /* UIColor+Convenience.swift */ = {isa = PBXFileReference; lastKnownFileType = sourcecode.swift; path = "UIColor+Convenience.swift"; sourceTree = "<group>"; };
		CD86B3BF283B1FA90025EA5C /* DetailsView.swift */ = {isa = PBXFileReference; lastKnownFileType = sourcecode.swift; path = DetailsView.swift; sourceTree = "<group>"; };
/* End PBXFileReference section */

/* Begin PBXFrameworksBuildPhase section */
		CD1863CE2837054E000D320D /* Frameworks */ = {
			isa = PBXFrameworksBuildPhase;
			buildActionMask = 2147483647;
			files = (
				CD186416283705DC000D320D /* IGListDiffKit in Frameworks */,
				CD186418283705DC000D320D /* IGListKit in Frameworks */,
				CD18641A283705DC000D320D /* IGListSwiftKit in Frameworks */,
			);
			runOnlyForDeploymentPostprocessing = 0;
		};
/* End PBXFrameworksBuildPhase section */

/* Begin PBXGroup section */
		CD1863C82837054E000D320D = {
			isa = PBXGroup;
			children = (
				CD1863D32837054E000D320D /* LTKMinified */,
				CD1863D22837054E000D320D /* Products */,
			);
			sourceTree = "<group>";
		};
		CD1863D22837054E000D320D /* Products */ = {
			isa = PBXGroup;
			children = (
				CD1863D12837054E000D320D /* LTKMinified.app */,
			);
			name = Products;
			sourceTree = "<group>";
		};
		CD1863D32837054E000D320D /* LTKMinified */ = {
			isa = PBXGroup;
			children = (
				CD18641D28371C32000D320D /* Extensions */,
				CD18640928370570000D320D /* Services */,
				CD18640728370570000D320D /* Models */,
				CD18640D2837057A000D320D /* SectionControllers */,
				CD18642428372B0D000D320D /* ViewControllers */,
				CD18642528372B51000D320D /* Views */,
				CD1863D42837054E000D320D /* AppDelegate.swift */,
				CD1863D62837054E000D320D /* SceneDelegate.swift */,
				CD1863DA2837054E000D320D /* Main.storyboard */,
				CD1863E22837054F000D320D /* LaunchScreen.storyboard */,
				CD1863E02837054F000D320D /* Assets.xcassets */,
				CD1863E52837054F000D320D /* Info.plist */,
			);
			path = LTKMinified;
			sourceTree = "<group>";
		};
		CD18640728370570000D320D /* Models */ = {
			isa = PBXGroup;
			children = (
				CD18641B28370CEE000D320D /* LtkModel.swift */,
				CD1864302839AB5E000D320D /* ProductModel.swift */,
				CD18642328372ADD000D320D /* ViewModel */,
			);
			path = Models;
			sourceTree = "<group>";
		};
		CD18640928370570000D320D /* Services */ = {
			isa = PBXGroup;
			children = (
				CD18640828370570000D320D /* LtkResponse.swift */,
				CD18640A28370570000D320D /* ProductService.swift */,
			);
			path = Services;
			sourceTree = "<group>";
		};
		CD18640D2837057A000D320D /* SectionControllers */ = {
			isa = PBXGroup;
			children = (
				CD186421283728A4000D320D /* LtkFeedSectionController.swift */,
			);
			path = SectionControllers;
			sourceTree = "<group>";
		};
		CD18641D28371C32000D320D /* Extensions */ = {
			isa = PBXGroup;
			children = (
				CD18642E283801E5000D320D /* UIView+NSLayoutConstraint.swift */,
				CD1864322839C651000D320D /* CGSize+Aspect.swift */,
				CD1864342839C784000D320D /* UIColor+Convenience.swift */,
			);
			path = Extensions;
			sourceTree = "<group>";
		};
		CD18642328372ADD000D320D /* ViewModel */ = {
			isa = PBXGroup;
			children = (
				CD18641028370582000D320D /* LtkViewModel.swift */,
			);
			path = ViewModel;
			sourceTree = "<group>";
		};
		CD18642428372B0D000D320D /* ViewControllers */ = {
			isa = PBXGroup;
			children = (
				CD18641128370582000D320D /* LtkViewController.swift */,
			);
			path = ViewControllers;
			sourceTree = "<group>";
		};
		CD18642528372B51000D320D /* Views */ = {
			isa = PBXGroup;
			children = (
				CD18642628372B65000D320D /* LtkCell.swift */,
				CD86B3BF283B1FA90025EA5C /* DetailsView.swift */,
			);
			path = Views;
			sourceTree = "<group>";
		};
/* End PBXGroup section */

/* Begin PBXNativeTarget section */
		CD1863D02837054E000D320D /* LTKMinified */ = {
			isa = PBXNativeTarget;
			buildConfigurationList = CD1863FE2837054F000D320D /* Build configuration list for PBXNativeTarget "LTKMinified" */;
			buildPhases = (
				CD1863CD2837054E000D320D /* Sources */,
				CD1863CE2837054E000D320D /* Frameworks */,
				CD1863CF2837054E000D320D /* Resources */,
			);
			buildRules = (
			);
			dependencies = (
			);
			name = LTKMinified;
			packageProductDependencies = (
				CD186415283705DC000D320D /* IGListDiffKit */,
				CD186417283705DC000D320D /* IGListKit */,
				CD186419283705DC000D320D /* IGListSwiftKit */,
			);
			productName = LTKMinified;
			productReference = CD1863D12837054E000D320D /* LTKMinified.app */;
			productType = "com.apple.product-type.application";
		};
/* End PBXNativeTarget section */

/* Begin PBXProject section */
		CD1863C92837054E000D320D /* Project object */ = {
			isa = PBXProject;
			attributes = {
				BuildIndependentTargetsInParallel = 1;
				LastSwiftUpdateCheck = 1340;
				LastUpgradeCheck = 1340;
				TargetAttributes = {
					CD1863D02837054E000D320D = {
						CreatedOnToolsVersion = 13.4;
					};
				};
			};
			buildConfigurationList = CD1863CC2837054E000D320D /* Build configuration list for PBXProject "LTKMinified" */;
			compatibilityVersion = "Xcode 13.0";
			developmentRegion = en;
			hasScannedForEncodings = 0;
			knownRegions = (
				en,
				Base,
			);
			mainGroup = CD1863C82837054E000D320D;
			packageReferences = (
				CD186414283705DC000D320D /* XCRemoteSwiftPackageReference "IGListKit" */,
			);
			productRefGroup = CD1863D22837054E000D320D /* Products */;
			projectDirPath = "";
			projectRoot = "";
			targets = (
				CD1863D02837054E000D320D /* LTKMinified */,
			);
		};
/* End PBXProject section */

/* Begin PBXResourcesBuildPhase section */
		CD1863CF2837054E000D320D /* Resources */ = {
			isa = PBXResourcesBuildPhase;
			buildActionMask = 2147483647;
			files = (
				CD1863E42837054F000D320D /* LaunchScreen.storyboard in Resources */,
				CD1863E12837054F000D320D /* Assets.xcassets in Resources */,
				CD1863DC2837054E000D320D /* Main.storyboard in Resources */,
			);
			runOnlyForDeploymentPostprocessing = 0;
		};
/* End PBXResourcesBuildPhase section */

/* Begin PBXSourcesBuildPhase section */
		CD1863CD2837054E000D320D /* Sources */ = {
			isa = PBXSourcesBuildPhase;
			buildActionMask = 2147483647;
			files = (
				CD18641228370582000D320D /* LtkViewModel.swift in Sources */,
				CD18640B28370570000D320D /* LtkResponse.swift in Sources */,
				CD1864312839AB5E000D320D /* ProductModel.swift in Sources */,
				CD18642F283801E5000D320D /* UIView+NSLayoutConstraint.swift in Sources */,
				CD1864332839C651000D320D /* CGSize+Aspect.swift in Sources */,
				CD18641328370582000D320D /* LtkViewController.swift in Sources */,
				CD1863D52837054E000D320D /* AppDelegate.swift in Sources */,
				CD186422283728A4000D320D /* LtkFeedSectionController.swift in Sources */,
				CD18641C28370CEE000D320D /* LtkModel.swift in Sources */,
				CD1863D72837054E000D320D /* SceneDelegate.swift in Sources */,
				CD18640C28370570000D320D /* ProductService.swift in Sources */,
				CD18642728372B65000D320D /* LtkCell.swift in Sources */,
				CD86B3C0283B1FA90025EA5C /* DetailsView.swift in Sources */,
				CD1864352839C784000D320D /* UIColor+Convenience.swift in Sources */,
			);
			runOnlyForDeploymentPostprocessing = 0;
		};
/* End PBXSourcesBuildPhase section */

/* Begin PBXVariantGroup section */
		CD1863DA2837054E000D320D /* Main.storyboard */ = {
			isa = PBXVariantGroup;
			children = (
				CD1863DB2837054E000D320D /* Base */,
			);
			name = Main.storyboard;
			sourceTree = "<group>";
		};
		CD1863E22837054F000D320D /* LaunchScreen.storyboard */ = {
			isa = PBXVariantGroup;
			children = (
				CD1863E32837054F000D320D /* Base */,
			);
			name = LaunchScreen.storyboard;
			sourceTree = "<group>";
		};
/* End PBXVariantGroup section */

/* Begin XCBuildConfiguration section */
		CD1863FC2837054F000D320D /* Debug */ = {
			isa = XCBuildConfiguration;
			buildSettings = {
				ALWAYS_SEARCH_USER_PATHS = NO;
				CLANG_ANALYZER_NONNULL = YES;
				CLANG_ANALYZER_NUMBER_OBJECT_CONVERSION = YES_AGGRESSIVE;
				CLANG_CXX_LANGUAGE_STANDARD = "gnu++17";
				CLANG_ENABLE_MODULES = YES;
				CLANG_ENABLE_OBJC_ARC = YES;
				CLANG_ENABLE_OBJC_WEAK = YES;
				CLANG_WARN_BLOCK_CAPTURE_AUTORELEASING = YES;
				CLANG_WARN_BOOL_CONVERSION = YES;
				CLANG_WARN_COMMA = YES;
				CLANG_WARN_CONSTANT_CONVERSION = YES;
				CLANG_WARN_DEPRECATED_OBJC_IMPLEMENTATIONS = YES;
				CLANG_WARN_DIRECT_OBJC_ISA_USAGE = YES_ERROR;
				CLANG_WARN_DOCUMENTATION_COMMENTS = YES;
				CLANG_WARN_EMPTY_BODY = YES;
				CLANG_WARN_ENUM_CONVERSION = YES;
				CLANG_WARN_INFINITE_RECURSION = YES;
				CLANG_WARN_INT_CONVERSION = YES;
				CLANG_WARN_NON_LITERAL_NULL_CONVERSION = YES;
				CLANG_WARN_OBJC_IMPLICIT_RETAIN_SELF = YES;
				CLANG_WARN_OBJC_LITERAL_CONVERSION = YES;
				CLANG_WARN_OBJC_ROOT_CLASS = YES_ERROR;
				CLANG_WARN_QUOTED_INCLUDE_IN_FRAMEWORK_HEADER = YES;
				CLANG_WARN_RANGE_LOOP_ANALYSIS = YES;
				CLANG_WARN_STRICT_PROTOTYPES = YES;
				CLANG_WARN_SUSPICIOUS_MOVE = YES;
				CLANG_WARN_UNGUARDED_AVAILABILITY = YES_AGGRESSIVE;
				CLANG_WARN_UNREACHABLE_CODE = YES;
				CLANG_WARN__DUPLICATE_METHOD_MATCH = YES;
				COPY_PHASE_STRIP = NO;
				DEBUG_INFORMATION_FORMAT = dwarf;
				ENABLE_STRICT_OBJC_MSGSEND = YES;
				ENABLE_TESTABILITY = YES;
				GCC_C_LANGUAGE_STANDARD = gnu11;
				GCC_DYNAMIC_NO_PIC = NO;
				GCC_NO_COMMON_BLOCKS = YES;
				GCC_OPTIMIZATION_LEVEL = 0;
				GCC_PREPROCESSOR_DEFINITIONS = (
					"DEBUG=1",
					"$(inherited)",
				);
				GCC_WARN_64_TO_32_BIT_CONVERSION = YES;
				GCC_WARN_ABOUT_RETURN_TYPE = YES_ERROR;
				GCC_WARN_UNDECLARED_SELECTOR = YES;
				GCC_WARN_UNINITIALIZED_AUTOS = YES_AGGRESSIVE;
				GCC_WARN_UNUSED_FUNCTION = YES;
				GCC_WARN_UNUSED_VARIABLE = YES;
				IPHONEOS_DEPLOYMENT_TARGET = 15.5;
				MTL_ENABLE_DEBUG_INFO = INCLUDE_SOURCE;
				MTL_FAST_MATH = YES;
				ONLY_ACTIVE_ARCH = YES;
				SDKROOT = iphoneos;
				SWIFT_ACTIVE_COMPILATION_CONDITIONS = DEBUG;
				SWIFT_OPTIMIZATION_LEVEL = "-Onone";
			};
			name = Debug;
		};
		CD1863FD2837054F000D320D /* Release */ = {
			isa = XCBuildConfiguration;
			buildSettings = {
				ALWAYS_SEARCH_USER_PATHS = NO;
				CLANG_ANALYZER_NONNULL = YES;
				CLANG_ANALYZER_NUMBER_OBJECT_CONVERSION = YES_AGGRESSIVE;
				CLANG_CXX_LANGUAGE_STANDARD = "gnu++17";
				CLANG_ENABLE_MODULES = YES;
				CLANG_ENABLE_OBJC_ARC = YES;
				CLANG_ENABLE_OBJC_WEAK = YES;
				CLANG_WARN_BLOCK_CAPTURE_AUTORELEASING = YES;
				CLANG_WARN_BOOL_CONVERSION = YES;
				CLANG_WARN_COMMA = YES;
				CLANG_WARN_CONSTANT_CONVERSION = YES;
				CLANG_WARN_DEPRECATED_OBJC_IMPLEMENTATIONS = YES;
				CLANG_WARN_DIRECT_OBJC_ISA_USAGE = YES_ERROR;
				CLANG_WARN_DOCUMENTATION_COMMENTS = YES;
				CLANG_WARN_EMPTY_BODY = YES;
				CLANG_WARN_ENUM_CONVERSION = YES;
				CLANG_WARN_INFINITE_RECURSION = YES;
				CLANG_WARN_INT_CONVERSION = YES;
				CLANG_WARN_NON_LITERAL_NULL_CONVERSION = YES;
				CLANG_WARN_OBJC_IMPLICIT_RETAIN_SELF = YES;
				CLANG_WARN_OBJC_LITERAL_CONVERSION = YES;
				CLANG_WARN_OBJC_ROOT_CLASS = YES_ERROR;
				CLANG_WARN_QUOTED_INCLUDE_IN_FRAMEWORK_HEADER = YES;
				CLANG_WARN_RANGE_LOOP_ANALYSIS = YES;
				CLANG_WARN_STRICT_PROTOTYPES = YES;
				CLANG_WARN_SUSPICIOUS_MOVE = YES;
				CLANG_WARN_UNGUARDED_AVAILABILITY = YES_AGGRESSIVE;
				CLANG_WARN_UNREACHABLE_CODE = YES;
				CLANG_WARN__DUPLICATE_METHOD_MATCH = YES;
				COPY_PHASE_STRIP = NO;
				DEBUG_INFORMATION_FORMAT = "dwarf-with-dsym";
				ENABLE_NS_ASSERTIONS = NO;
				ENABLE_STRICT_OBJC_MSGSEND = YES;
				GCC_C_LANGUAGE_STANDARD = gnu11;
				GCC_NO_COMMON_BLOCKS = YES;
				GCC_WARN_64_TO_32_BIT_CONVERSION = YES;
				GCC_WARN_ABOUT_RETURN_TYPE = YES_ERROR;
				GCC_WARN_UNDECLARED_SELECTOR = YES;
				GCC_WARN_UNINITIALIZED_AUTOS = YES_AGGRESSIVE;
				GCC_WARN_UNUSED_FUNCTION = YES;
				GCC_WARN_UNUSED_VARIABLE = YES;
				IPHONEOS_DEPLOYMENT_TARGET = 15.5;
				MTL_ENABLE_DEBUG_INFO = NO;
				MTL_FAST_MATH = YES;
				SDKROOT = iphoneos;
				SWIFT_COMPILATION_MODE = wholemodule;
				SWIFT_OPTIMIZATION_LEVEL = "-O";
				VALIDATE_PRODUCT = YES;
			};
			name = Release;
		};
		CD1863FF2837054F000D320D /* Debug */ = {
			isa = XCBuildConfiguration;
			buildSettings = {
				ASSETCATALOG_COMPILER_APPICON_NAME = AppIcon;
				ASSETCATALOG_COMPILER_GLOBAL_ACCENT_COLOR_NAME = AccentColor;
				CODE_SIGN_STYLE = Automatic;
				CURRENT_PROJECT_VERSION = 1;
				DEVELOPMENT_TEAM = 3V8S45MBDY;
				GENERATE_INFOPLIST_FILE = YES;
				INFOPLIST_FILE = LTKMinified/Info.plist;
				INFOPLIST_KEY_UIApplicationSupportsIndirectInputEvents = YES;
				INFOPLIST_KEY_UILaunchStoryboardName = LaunchScreen;
				INFOPLIST_KEY_UIMainStoryboardFile = Main;
				INFOPLIST_KEY_UISupportedInterfaceOrientations_iPad = "UIInterfaceOrientationPortrait UIInterfaceOrientationPortraitUpsideDown UIInterfaceOrientationLandscapeLeft UIInterfaceOrientationLandscapeRight";
				INFOPLIST_KEY_UISupportedInterfaceOrientations_iPhone = "UIInterfaceOrientationPortrait UIInterfaceOrientationLandscapeLeft UIInterfaceOrientationLandscapeRight";
				IPHONEOS_DEPLOYMENT_TARGET = 15.0;
				LD_RUNPATH_SEARCH_PATHS = (
					"$(inherited)",
					"@executable_path/Frameworks",
				);
				MARKETING_VERSION = 1.0;
				PRODUCT_BUNDLE_IDENTIFIER = com.ion6.LTKMinified;
				PRODUCT_NAME = "$(TARGET_NAME)";
				SWIFT_EMIT_LOC_STRINGS = YES;
				SWIFT_VERSION = 5.0;
				TARGETED_DEVICE_FAMILY = "1,2";
			};
			name = Debug;
		};
		CD1864002837054F000D320D /* Release */ = {
			isa = XCBuildConfiguration;
			buildSettings = {
				ASSETCATALOG_COMPILER_APPICON_NAME = AppIcon;
				ASSETCATALOG_COMPILER_GLOBAL_ACCENT_COLOR_NAME = AccentColor;
				CODE_SIGN_STYLE = Automatic;
				CURRENT_PROJECT_VERSION = 1;
				DEVELOPMENT_TEAM = 3V8S45MBDY;
				GENERATE_INFOPLIST_FILE = YES;
				INFOPLIST_FILE = LTKMinified/Info.plist;
				INFOPLIST_KEY_UIApplicationSupportsIndirectInputEvents = YES;
				INFOPLIST_KEY_UILaunchStoryboardName = LaunchScreen;
				INFOPLIST_KEY_UIMainStoryboardFile = Main;
				INFOPLIST_KEY_UISupportedInterfaceOrientations_iPad = "UIInterfaceOrientationPortrait UIInterfaceOrientationPortraitUpsideDown UIInterfaceOrientationLandscapeLeft UIInterfaceOrientationLandscapeRight";
				INFOPLIST_KEY_UISupportedInterfaceOrientations_iPhone = "UIInterfaceOrientationPortrait UIInterfaceOrientationLandscapeLeft UIInterfaceOrientationLandscapeRight";
				IPHONEOS_DEPLOYMENT_TARGET = 15.0;
				LD_RUNPATH_SEARCH_PATHS = (
					"$(inherited)",
					"@executable_path/Frameworks",
				);
				MARKETING_VERSION = 1.0;
				PRODUCT_BUNDLE_IDENTIFIER = com.ion6.LTKMinified;
				PRODUCT_NAME = "$(TARGET_NAME)";
				SWIFT_EMIT_LOC_STRINGS = YES;
				SWIFT_VERSION = 5.0;
				TARGETED_DEVICE_FAMILY = "1,2";
			};
			name = Release;
		};
/* End XCBuildConfiguration section */

/* Begin XCConfigurationList section */
		CD1863CC2837054E000D320D /* Build configuration list for PBXProject "LTKMinified" */ = {
			isa = XCConfigurationList;
			buildConfigurations = (
				CD1863FC2837054F000D320D /* Debug */,
				CD1863FD2837054F000D320D /* Release */,
			);
			defaultConfigurationIsVisible = 0;
			defaultConfigurationName = Release;
		};
		CD1863FE2837054F000D320D /* Build configuration list for PBXNativeTarget "LTKMinified" */ = {
			isa = XCConfigurationList;
			buildConfigurations = (
				CD1863FF2837054F000D320D /* Debug */,
				CD1864002837054F000D320D /* Release */,
			);
			defaultConfigurationIsVisible = 0;
			defaultConfigurationName = Release;
		};
/* End XCConfigurationList section */

/* Begin XCRemoteSwiftPackageReference section */
		CD186414283705DC000D320D /* XCRemoteSwiftPackageReference "IGListKit" */ = {
			isa = XCRemoteSwiftPackageReference;
			repositoryURL = "https://github.com/Instagram/IGListKit";
			requirement = {
				branch = main;
				kind = branch;
			};
		};
/* End XCRemoteSwiftPackageReference section */

/* Begin XCSwiftPackageProductDependency section */
		CD186415283705DC000D320D /* IGListDiffKit */ = {
			isa = XCSwiftPackageProductDependency;
			package = CD186414283705DC000D320D /* XCRemoteSwiftPackageReference "IGListKit" */;
			productName = IGListDiffKit;
		};
		CD186417283705DC000D320D /* IGListKit */ = {
			isa = XCSwiftPackageProductDependency;
			package = CD186414283705DC000D320D /* XCRemoteSwiftPackageReference "IGListKit" */;
			productName = IGListKit;
		};
		CD186419283705DC000D320D /* IGListSwiftKit */ = {
			isa = XCSwiftPackageProductDependency;
			package = CD186414283705DC000D320D /* XCRemoteSwiftPackageReference "IGListKit" */;
			productName = IGListSwiftKit;
		};
/* End XCSwiftPackageProductDependency section */
	};
	rootObject = CD1863C92837054E000D320D /* Project object */;
}
